
Microsoft Visual Studio Solution File, Format Version 12.00
# Visual Studio 2012
Project("{FAE04EC0-301F-11D3-BF4B-00C04F79EFBC}") = "GravatarSync", "GravatarSync\GravatarSync.csproj", "{90AA82F5-68A9-431B-9680-EC1991D5E437}"
EndProject
Project("{930C7802-8A8C-48F9-8165-68863BCCD9DD}") = "Installer", "Installer\Installer.wixproj", "{8B80098A-57CC-4118-8702-B9B18D2D3FA4}"
EndProject
Global
	GlobalSection(SolutionConfigurationPlatforms) = preSolution
		Debug|Any CPU = Debug|Any CPU
		Debug|ARM = Debug|ARM
		Debug|Mixed Platforms = Debug|Mixed Platforms
		Debug|x64 = Debug|x64
		Debug|x86 = Debug|x86
		Release|Any CPU = Release|Any CPU
		Release|ARM = Release|ARM
		Release|Mixed Platforms = Release|Mixed Platforms
		Release|x64 = Release|x64
		Release|x86 = Release|x86
	EndGlobalSection
	GlobalSection(ProjectConfigurationPlatforms) = postSolution
		{90AA82F5-68A9-431B-9680-EC1991D5E437}.Debug|Any CPU.ActiveCfg = Debug|Any CPU
		{90AA82F5-68A9-431B-9680-EC1991D5E437}.Debug|Any CPU.Build.0 = Debug|Any CPU
		{90AA82F5-68A9-431B-9680-EC1991D5E437}.Debug|ARM.ActiveCfg = Debug|Any CPU
		{90AA82F5-68A9-431B-9680-EC1991D5E437}.Debug|Mixed Platforms.ActiveCfg = Debug|Any CPU
		{90AA82F5-68A9-431B-9680-EC1991D5E437}.Debug|Mixed Platforms.Build.0 = Debug|Any CPU
		{90AA82F5-68A9-431B-9680-EC1991D5E437}.Debug|x64.ActiveCfg = Debug|Any CPU
		{90AA82F5-68A9-431B-9680-EC1991D5E437}.Debug|x86.ActiveCfg = Debug|Any CPU
		{90AA82F5-68A9-431B-9680-EC1991D5E437}.Release|Any CPU.ActiveCfg = Release|Any CPU
		{90AA82F5-68A9-431B-9680-EC1991D5E437}.Release|Any CPU.Build.0 = Release|Any CPU
		{90AA82F5-68A9-431B-9680-EC1991D5E437}.Release|ARM.ActiveCfg = Release|Any CPU
		{90AA82F5-68A9-431B-9680-EC1991D5E437}.Release|Mixed Platforms.ActiveCfg = Release|Any CPU
		{90AA82F5-68A9-431B-9680-EC1991D5E437}.Release|Mixed Platforms.Build.0 = Release|Any CPU
		{90AA82F5-68A9-431B-9680-EC1991D5E437}.Release|x64.ActiveCfg = Release|Any CPU
		{90AA82F5-68A9-431B-9680-EC1991D5E437}.Release|x86.ActiveCfg = Release|Any CPU
		{8B80098A-57CC-4118-8702-B9B18D2D3FA4}.Debug|Any CPU.ActiveCfg = Debug|x86
		{8B80098A-57CC-4118-8702-B9B18D2D3FA4}.Debug|ARM.ActiveCfg = Debug|x86
		{8B80098A-57CC-4118-8702-B9B18D2D3FA4}.Debug|Mixed Platforms.ActiveCfg = Debug|x86
		{8B80098A-57CC-4118-8702-B9B18D2D3FA4}.Debug|Mixed Platforms.Build.0 = Debug|x86
		{8B80098A-57CC-4118-8702-B9B18D2D3FA4}.Debug|x64.ActiveCfg = Debug|x86
		{8B80098A-57CC-4118-8702-B9B18D2D3FA4}.Debug|x86.ActiveCfg = Debug|x86
		{8B80098A-57CC-4118-8702-B9B18D2D3FA4}.Debug|x86.Build.0 = Debug|x86
		{8B80098A-57CC-4118-8702-B9B18D2D3FA4}.Release|Any CPU.ActiveCfg = Release|x86
		{8B80098A-57CC-4118-8702-B9B18D2D3FA4}.Release|ARM.ActiveCfg = Release|x86
		{8B80098A-57CC-4118-8702-B9B18D2D3FA4}.Release|Mixed Platforms.ActiveCfg = Release|x86
		{8B80098A-57CC-4118-8702-B9B18D2D3FA4}.Release|Mixed Platforms.Build.0 = Release|x86
		{8B80098A-57CC-4118-8702-B9B18D2D3FA4}.Release|x64.ActiveCfg = Release|x86
		{8B80098A-57CC-4118-8702-B9B18D2D3FA4}.Release|x86.ActiveCfg = Release|x86
		{8B80098A-57CC-4118-8702-B9B18D2D3FA4}.Release|x86.Build.0 = Release|x86
	EndGlobalSection
	GlobalSection(SolutionProperties) = preSolution
		HideSolutionNode = FALSE
	EndGlobalSection
EndGlobal
